{
  "name": "playwright-project",
  "lockfileVersion": 3,
  "requires": true,
  "packages": {
    "": {
      "dependencies": {
        "count": "file:../node_modules/count"
      }
    },
    "../node_modules/count": {
      "version": "0.1.8",
      "devDependencies": {
        "benchmark": "latest",
        "diff": ">=3.5.0",
        "grunt": "latest",
        "grunt-benchmark": "latest",
        "grunt-contrib-concat": "latest",
        "grunt-contrib-jshint": "latest",
        "grunt-contrib-nodeunit": "latest",
        "grunt-contrib-uglify": "latest",
        "grunt-contrib-watch": "latest",
        "grunt-env": "latest",
        "grunt-jscs": "0.7.1",
        "grunt-karma": "latest",
        "grunt-string-replace": "latest",
        "karma": "latest",
        "karma-chrome-launcher": "latest",
        "karma-firefox-launcher": "latest",
        "karma-nodeunit": "latest",
        "karma-sauce-launcher": "latest",
        "load-grunt-tasks": "latest",
        "nodeunit": "latest",
        "uglify-js": "latest"
      },
      "engines": {
        "node": "*"
      }
    },
    "node_modules/count": {
      "resolved": "../node_modules/count",
      "link": true
    }
  }
}
